dependencies:
- name: privategpt-operator
  repository: https://msimonelli331.github.io/privategpt-operator
  version: 0.1.5
- name: privategpt-react
  repository: https://msimonelli331.github.io/privategpt-react
  version: 0.1.4
digest: sha256:b7d7090abb0a600ed4b9158dc635bd7d68dc48fdcd35b396bf4761cc38d9dee3
generated: "2026-01-04T19:48:13.261419534Z"
